// !$*UTF8*$!
{
	archiveVersion = 1;
	classes = {
	};
	objectVersion = 42;
	objects = {

/* Begin PBXBuildFile section */
		4F94ED6207B3087700AE9F13 /* BasicDataBrowser.cp in Sources */ = {isa = PBXBuildFile; fileRef = 4F16C73D04C4890700F668DF /* BasicDataBrowser.cp */; };
		4F94ED6407B3087700AE9F13 /* Carbon.framework in Frameworks */ = {isa = PBXBuildFile; fileRef = 2EFD145903674CBF04CA0E77 /* Carbon.framework */; };
		4F94ED6607B3087700AE9F13 /* BasicDataBrowser.r in Rez */ = {isa = PBXBuildFile; fileRef = 2E8C970103674FC104CA0E77 /* BasicDataBrowser.r */; };
/* End PBXBuildFile section */

/* Begin PBXBuildRule section */
		4F94ED6807B3087700AE9F13 /* PBXBuildRule */ = {
			isa = PBXBuildRule;
			compilerSpec = com.apple.compilers.gcc;
			fileType = sourcecode.c;
			isEditable = 1;
			outputFiles = (
			);
		};
/* End PBXBuildRule section */

/* Begin PBXFileReference section */
		2E8C970103674FC104CA0E77 /* BasicDataBrowser.r */ = {isa = PBXFileReference; fileEncoding = 30; lastKnownFileType = sourcecode.rez; path = BasicDataBrowser.r; sourceTree = "<group>"; };
		2EFD145903674CBF04CA0E77 /* Carbon.framework */ = {isa = PBXFileReference; lastKnownFileType = wrapper.framework; name = Carbon.framework; path = /System/Library/Frameworks/Carbon.framework; sourceTree = "<absolute>"; };
		4F16C73D04C4890700F668DF /* BasicDataBrowser.cp */ = {isa = PBXFileReference; fileEncoding = 30; lastKnownFileType = sourcecode.cpp.cpp; path = BasicDataBrowser.cp; sourceTree = "<group>"; };
		4F94ED6707B3087700AE9F13 /* Info-BasicDataBrowser.plist */ = {isa = PBXFileReference; lastKnownFileType = text.xml; path = "Info-BasicDataBrowser.plist"; sourceTree = "<group>"; };
		4F94ED6907B3087700AE9F13 /*  BasicDataBrowser.app */ = {isa = PBXFileReference; explicitFileType = wrapper.application; includeInIndex = 0; path = " BasicDataBrowser.app"; sourceTree = BUILT_PRODUCTS_DIR; };
/* End PBXFileReference section */

/* Begin PBXFrameworksBuildPhase section */
		4F94ED6307B3087700AE9F13 /* Frameworks */ = {
			isa = PBXFrameworksBuildPhase;
			buildActionMask = 2147483647;
			files = (
				4F94ED6407B3087700AE9F13 /* Carbon.framework in Frameworks */,
			);
			runOnlyForDeploymentPostprocessing = 0;
		};
/* End PBXFrameworksBuildPhase section */

/* Begin PBXGroup section */
		195DF8C9FE9D4F0611CA2CBB /* Products */ = {
			isa = PBXGroup;
			children = (
				4F94ED6907B3087700AE9F13 /*  BasicDataBrowser.app */,
			);
			name = Products;
			sourceTree = "<group>";
		};
		20286C29FDCF999611CA2CEA /* BasicDataBrowser */ = {
			isa = PBXGroup;
			children = (
				20286C2AFDCF999611CA2CEA /* Sources */,
				20286C2CFDCF999611CA2CEA /* Resources */,
				20286C32FDCF999611CA2CEA /* External Frameworks and Libraries */,
				195DF8C9FE9D4F0611CA2CBB /* Products */,
				4F94ED6707B3087700AE9F13 /* Info-BasicDataBrowser.plist */,
			);
			name = BasicDataBrowser;
			sourceTree = "<group>";
		};
		20286C2AFDCF999611CA2CEA /* Sources */ = {
			isa = PBXGroup;
			children = (
				4F16C73D04C4890700F668DF /* BasicDataBrowser.cp */,
			);
			name = Sources;
			sourceTree = "<group>";
		};
		20286C2CFDCF999611CA2CEA /* Resources */ = {
			isa = PBXGroup;
			children = (
				2E8C970103674FC104CA0E77 /* BasicDataBrowser.r */,
			);
			name = Resources;
			sourceTree = "<group>";
		};
		20286C32FDCF999611CA2CEA /* External Frameworks and Libraries */ = {
			isa = PBXGroup;
			children = (
				2EFD145903674CBF04CA0E77 /* Carbon.framework */,
			);
			name = "External Frameworks and Libraries";
			sourceTree = "<group>";
		};
/* End PBXGroup section */

/* Begin PBXHeadersBuildPhase section */
		4F94ED5F07B3087700AE9F13 /* Headers */ = {
			isa = PBXHeadersBuildPhase;
			buildActionMask = 2147483647;
			files = (
			);
			runOnlyForDeploymentPostprocessing = 0;
		};
/* End PBXHeadersBuildPhase section */

/* Begin PBXNativeTarget section */
		4F94ED5E07B3087700AE9F13 /* BasicDataBrowser */ = {
			isa = PBXNativeTarget;
			buildConfigurationList = BE651A690C34724C00EC1FC8 /* Build configuration list for PBXNativeTarget "BasicDataBrowser" */;
			buildPhases = (
				4F94ED5F07B3087700AE9F13 /* Headers */,
				4F94ED6007B3087700AE9F13 /* Resources */,
				4F94ED6107B3087700AE9F13 /* Sources */,
				4F94ED6307B3087700AE9F13 /* Frameworks */,
				4F94ED6507B3087700AE9F13 /* Rez */,
			);
			buildRules = (
				4F94ED6807B3087700AE9F13 /* PBXBuildRule */,
			);
			dependencies = (
			);
			name = BasicDataBrowser;
			productInstallPath = "$(HOME)/Applications";
			productName = BasicDataBrowser;
			productReference = 4F94ED6907B3087700AE9F13 /*  BasicDataBrowser.app */;
			productType = "com.apple.product-type.application";
		};
/* End PBXNativeTarget section */

/* Begin PBXProject section */
		20286C28FDCF999611CA2CEA /* Project object */ = {
			isa = PBXProject;
			buildConfigurationList = BE651A6D0C34724C00EC1FC8 /* Build configuration list for PBXProject "BasicDataBrowser" */;
			hasScannedForEncodings = 1;
			mainGroup = 20286C29FDCF999611CA2CEA /* BasicDataBrowser */;
			projectDirPath = "";
			targets = (
				4F94ED5E07B3087700AE9F13 /* BasicDataBrowser */,
			);
		};
/* End PBXProject section */

/* Begin PBXResourcesBuildPhase section */
		4F94ED6007B3087700AE9F13 /* Resources */ = {
			isa = PBXResourcesBuildPhase;
			buildActionMask = 2147483647;
			files = (
			);
			runOnlyForDeploymentPostprocessing = 0;
		};
/* End PBXResourcesBuildPhase section */

/* Begin PBXRezBuildPhase section */
		4F94ED6507B3087700AE9F13 /* Rez */ = {
			isa = PBXRezBuildPhase;
			buildActionMask = 2147483647;
			files = (
				4F94ED6607B3087700AE9F13 /* BasicDataBrowser.r in Rez */,
			);
			runOnlyForDeploymentPostprocessing = 0;
		};
/* End PBXRezBuildPhase section */

/* Begin PBXSourcesBuildPhase section */
		4F94ED6107B3087700AE9F13 /* Sources */ = {
			isa = PBXSourcesBuildPhase;
			buildActionMask = 2147483647;
			files = (
				4F94ED6207B3087700AE9F13 /* BasicDataBrowser.cp in Sources */,
			);
			runOnlyForDeploymentPostprocessing = 0;
		};
/* End PBXSourcesBuildPhase section */

/* Begin XCBuildConfiguration section */
		BE651A6A0C34724C00EC1FC8 /* Development */ = {
			isa = XCBuildConfiguration;
			buildSettings = {
				COPY_PHASE_STRIP = NO;
				FRAMEWORK_SEARCH_PATHS = (
					/System/Library/Frameworks/Carbon.framework/Frameworks,
					/System/Library/Frameworks/CoreServices.framework/Frameworks,
					/System/Library/Frameworks/ApplicationServices.framework/Frameworks,
				);
				GCC_DYNAMIC_NO_PIC = NO;
				GCC_ENABLE_FIX_AND_CONTINUE = YES;
				GCC_GENERATE_DEBUGGING_SYMBOLS = YES;
				GCC_OPTIMIZATION_LEVEL = 0;
				GCC_PREPROCESSOR_DEFINITIONS = "CARBON_ON_MACH_O=1";
				GCC_WARN_CHECK_SWITCH_STATEMENTS = NO;
				HEADER_SEARCH_PATHS = "";
				INFOPLIST_FILE = "Info-BasicDataBrowser.plist";
				INSTALL_PATH = "$(LOCAL_DEVELOPER_DIR)/Demos";
				OPTIMIZATION_CFLAGS = "-O0";
				OTHER_CFLAGS = "-Wno-trigraphs";
				OTHER_LDFLAGS = "";
				OTHER_REZFLAGS = "";
				PREBINDING = NO;
				PRODUCT_NAME = "$(value) BasicDataBrowser";
				SECTORDER_FLAGS = "$(value)";
				WARNING_CFLAGS = (
					"-Wmost",
					"-Wno-four-char-constants",
					"-Wno-unknown-pragmas",
				);
				WRAPPER_EXTENSION = app;
				ZERO_LINK = YES;
			};
			name = Development;
		};
		BE651A6B0C34724C00EC1FC8 /* Deployment */ = {
			isa = XCBuildConfiguration;
			buildSettings = {
				COPY_PHASE_STRIP = YES;
				FRAMEWORK_SEARCH_PATHS = (
					/System/Library/Frameworks/Carbon.framework/Frameworks,
					/System/Library/Frameworks/CoreServices.framework/Frameworks,
					/System/Library/Frameworks/ApplicationServices.framework/Frameworks,
				);
				GCC_ENABLE_FIX_AND_CONTINUE = NO;
				GCC_PREPROCESSOR_DEFINITIONS = "CARBON_ON_MACH_O=1";
				HEADER_SEARCH_PATHS = "";
				INFOPLIST_FILE = "Info-BasicDataBrowser.plist";
				INSTALL_PATH = "$(LOCAL_DEVELOPER_DIR)/Demos";
				OTHER_CFLAGS = "-Wno-trigraphs";
				OTHER_LDFLAGS = "";
				OTHER_REZFLAGS = "";
				PREBINDING = NO;
				PRODUCT_NAME = "$(value) BasicDataBrowser";
				SECTORDER_FLAGS = "$(value)";
				WARNING_CFLAGS = (
					"-Wmost",
					"-Wno-four-char-constants",
					"-Wno-unknown-pragmas",
				);
				WRAPPER_EXTENSION = app;
				ZERO_LINK = NO;
			};
			name = Deployment;
		};
		BE651A6C0C34724C00EC1FC8 /* Default */ = {
			isa = XCBuildConfiguration;
			buildSettings = {
				FRAMEWORK_SEARCH_PATHS = (
					/System/Library/Frameworks/Carbon.framework/Frameworks,
					/System/Library/Frameworks/CoreServices.framework/Frameworks,
					/System/Library/Frameworks/ApplicationServices.framework/Frameworks,
				);
				GCC_PREPROCESSOR_DEFINITIONS = "CARBON_ON_MACH_O=1";
				HEADER_SEARCH_PATHS = "";
				INFOPLIST_FILE = "Info-BasicDataBrowser.plist";
				INSTALL_PATH = "$(LOCAL_DEVELOPER_DIR)/Demos";
				OTHER_CFLAGS = "-Wno-trigraphs";
				OTHER_LDFLAGS = "";
				OTHER_REZFLAGS = "";
				PREBINDING = NO;
				PRODUCT_NAME = BasicDataBrowser;
				SECTORDER_FLAGS = "\U0001";
				WARNING_CFLAGS = (
					"-Wmost",
					"-Wno-four-char-constants",
					"-Wno-unknown-pragmas",
				);
				WRAPPER_EXTENSION = app;
			};
			name = Default;
		};
		BE651A6E0C34724C00EC1FC8 /* Development */ = {
			isa = XCBuildConfiguration;
			buildSettings = {
				MACOSX_DEPLOYMENT_TARGET = 10.4;
				SDKROOT = /Developer/SDKs/MacOSX10.4u.sdk;
			};
			name = Development;
		};
		BE651A6F0C34724C00EC1FC8 /* Deployment */ = {
			isa = XCBuildConfiguration;
			buildSettings = {
				MACOSX_DEPLOYMENT_TARGET = 10.4;
				SDKROOT = /Developer/SDKs/MacOSX10.4u.sdk;
			};
			name = Deployment;
		};
		BE651A700C34724C00EC1FC8 /* Default */ = {
			isa = XCBuildConfiguration;
			buildSettings = {
				MACOSX_DEPLOYMENT_TARGET = 10.4;
				SDKROOT = /Developer/SDKs/MacOSX10.4u.sdk;
			};
			name = Default;
		};
/* End XCBuildConfiguration section */

/* Begin XCConfigurationList section */
		BE651A690C34724C00EC1FC8 /* Build configuration list for PBXNativeTarget "BasicDataBrowser" */ = {
			isa = XCConfigurationList;
			buildConfigurations = (
				BE651A6A0C34724C00EC1FC8 /* Development */,
				BE651A6B0C34724C00EC1FC8 /* Deployment */,
				BE651A6C0C34724C00EC1FC8 /* Default */,
			);
			defaultConfigurationIsVisible = 0;
			defaultConfigurationName = Default;
		};
		BE651A6D0C34724C00EC1FC8 /* Build configuration list for PBXProject "BasicDataBrowser" */ = {
			isa = XCConfigurationList;
			buildConfigurations = (
				BE651A6E0C34724C00EC1FC8 /* Development */,
				BE651A6F0C34724C00EC1FC8 /* Deployment */,
				BE651A700C34724C00EC1FC8 /* Default */,
			);
			defaultConfigurationIsVisible = 0;
			defaultConfigurationName = Default;
		};
/* End XCConfigurationList section */
	};
	rootObject = 20286C28FDCF999611CA2CEA /* Project object */;
}
